
Microsoft Visual Studio Solution File, Format Version 12.00
# Visual Studio Version 16
VisualStudioVersion = 16.0.31702.278
MinimumVisualStudioVersion = 10.0.40219.1
Project("{FAE04EC0-301F-11D3-BF4B-00C04F79EFBC}") = "WebApplication003", "WebApplication003\WebApplication003.csproj", "{641AF93F-FBA4-4427-A3FA-F1936FFC57AA}"
EndProject
Global
	GlobalSection(SolutionConfigurationPlatforms) = preSolution
		Debug|Any CPU = Debug|Any CPU
		Release|Any CPU = Release|Any CPU
	EndGlobalSection
	GlobalSection(ProjectConfigurationPlatforms) = postSolution
		{641AF93F-FBA4-4427-A3FA-F1936FFC57AA}.Debug|Any CPU.ActiveCfg = Debug|Any CPU
		{641AF93F-FBA4-4427-A3FA-F1936FFC57AA}.Debug|Any CPU.Build.0 = Debug|Any CPU
		{641AF93F-FBA4-4427-A3FA-F1936FFC57AA}.Release|Any CPU.ActiveCfg = Release|Any CPU
		{641AF93F-FBA4-4427-A3FA-F1936FFC57AA}.Release|Any CPU.Build.0 = Release|Any CPU
	EndGlobalSection
	GlobalSection(SolutionProperties) = preSolution
		HideSolutionNode = FALSE
	EndGlobalSection
	GlobalSection(ExtensibilityGlobals) = postSolution
		SolutionGuid = {1178FCDB-D67F-4BB9-9233-B25059443576}
	EndGlobalSection
EndGlobal
